// !$*UTF8*$!
{
	archiveVersion = 1;
	classes = {
	};
	objectVersion = 56;
	objects = {

/* Begin PBXBuildFile section */
		2C7772942D75C9C400380908 /* shorApp.swift in Sources */ = {isa = PBXBuildFile; fileRef = 2C7772932D75C9C400380908 /* shorApp.swift */; };
		2C7772982D75C9C700380908 /* Assets.xcassets in Resources */ = {isa = PBXBuildFile; fileRef = 2C7772972D75C9C700380908 /* Assets.xcassets */; };
		2C77729B2D75C9C700380908 /* Preview Assets.xcassets in Resources */ = {isa = PBXBuildFile; fileRef = 2C77729A2D75C9C700380908 /* Preview Assets.xcassets */; };
		2C7772C02D75CDD900380908 /* Model.swift in Sources */ = {isa = PBXBuildFile; fileRef = 2C7772BF2D75CDD900380908 /* Model.swift */; };
		2C7772C42D75CE0700380908 /* ComplaintsBotVM.swift in Sources */ = {isa = PBXBuildFile; fileRef = 2C7772C32D75CE0700380908 /* ComplaintsBotVM.swift */; };
		2C7772C62D75CE1F00380908 /* SalariesBotVM.swift in Sources */ = {isa = PBXBuildFile; fileRef = 2C7772C52D75CE1F00380908 /* SalariesBotVM.swift */; };
		2C7772C82D75CE3E00380908 /* MainPageVM.swift in Sources */ = {isa = PBXBuildFile; fileRef = 2C7772C72D75CE3E00380908 /* MainPageVM.swift */; };
		2C7772CA2D75CE5600380908 /* VacationsBotVM.swift in Sources */ = {isa = PBXBuildFile; fileRef = 2C7772C92D75CE5600380908 /* VacationsBotVM.swift */; };
		2C7772CC2D75CE6800380908 /* WorkingHoursBotVM.swift in Sources */ = {isa = PBXBuildFile; fileRef = 2C7772CB2D75CE6800380908 /* WorkingHoursBotVM.swift */; };
		2C7772CE2D75CE8800380908 /* ContractsBotVM.swift in Sources */ = {isa = PBXBuildFile; fileRef = 2C7772CD2D75CE8800380908 /* ContractsBotVM.swift */; };
		2C7772D02D75CE9D00380908 /* WomenDisabilityBotVM.swift in Sources */ = {isa = PBXBuildFile; fileRef = 2C7772CF2D75CE9D00380908 /* WomenDisabilityBotVM.swift */; };
		2C7772D42D75CECA00380908 /* ViolationsBotVM.swift in Sources */ = {isa = PBXBuildFile; fileRef = 2C7772D32D75CECA00380908 /* ViolationsBotVM.swift */; };
		2C7772D62D75CF4D00380908 /* MainPageV.swift in Sources */ = {isa = PBXBuildFile; fileRef = 2C7772D52D75CF4D00380908 /* MainPageV.swift */; };
		2C7772D82D75CF7C00380908 /* SalariesBotV.swift in Sources */ = {isa = PBXBuildFile; fileRef = 2C7772D72D75CF7C00380908 /* SalariesBotV.swift */; };
		2C7772DA2D75CF9200380908 /* VacationsBotV.swift in Sources */ = {isa = PBXBuildFile; fileRef = 2C7772D92D75CF9200380908 /* VacationsBotV.swift */; };
		2C7772DC2D75CFED00380908 /* WorkingHoursBotV.swift in Sources */ = {isa = PBXBuildFile; fileRef = 2C7772DB2D75CFED00380908 /* WorkingHoursBotV.swift */; };
		2C7772DE2D75D00400380908 /* ContractsBotV.swift in Sources */ = {isa = PBXBuildFile; fileRef = 2C7772DD2D75D00400380908 /* ContractsBotV.swift */; };
		2C7772E02D75D01500380908 /* WomenDisabilityBotV.swift in Sources */ = {isa = PBXBuildFile; fileRef = 2C7772DF2D75D01500380908 /* WomenDisabilityBotV.swift */; };
		2C7772E22D75D02400380908 /* ComplaintsBotV.swift in Sources */ = {isa = PBXBuildFile; fileRef = 2C7772E12D75D02400380908 /* ComplaintsBotV.swift */; };
		2C7772E42D75D03500380908 /* ViolationsBotV.swift in Sources */ = {isa = PBXBuildFile; fileRef = 2C7772E32D75D03500380908 /* ViolationsBotV.swift */; };
		2C7772E62D75D05900380908 /* SplashV.swift in Sources */ = {isa = PBXBuildFile; fileRef = 2C7772E52D75D05900380908 /* SplashV.swift */; };
		AF3920E62D79CACF00EAC17A /* shadentest.swift in Sources */ = {isa = PBXBuildFile; fileRef = AF3920E52D79CAC900EAC17A /* shadentest.swift */; };
/* End PBXBuildFile section */

/* Begin PBXFileReference section */
		2C7772902D75C9C400380908 /* shor.app */ = {isa = PBXFileReference; explicitFileType = wrapper.application; includeInIndex = 0; path = shor.app; sourceTree = BUILT_PRODUCTS_DIR; };
		2C7772932D75C9C400380908 /* shorApp.swift */ = {isa = PBXFileReference; lastKnownFileType = sourcecode.swift; path = shorApp.swift; sourceTree = "<group>"; };
		2C7772972D75C9C700380908 /* Assets.xcassets */ = {isa = PBXFileReference; lastKnownFileType = folder.assetcatalog; path = Assets.xcassets; sourceTree = "<group>"; };
		2C77729A2D75C9C700380908 /* Preview Assets.xcassets */ = {isa = PBXFileReference; lastKnownFileType = folder.assetcatalog; path = "Preview Assets.xcassets"; sourceTree = "<group>"; };
		2C7772BF2D75CDD900380908 /* Model.swift */ = {isa = PBXFileReference; lastKnownFileType = sourcecode.swift; path = Model.swift; sourceTree = "<group>"; };
		2C7772C32D75CE0700380908 /* ComplaintsBotVM.swift */ = {isa = PBXFileReference; lastKnownFileType = sourcecode.swift; path = ComplaintsBotVM.swift; sourceTree = "<group>"; };
		2C7772C52D75CE1F00380908 /* SalariesBotVM.swift */ = {isa = PBXFileReference; lastKnownFileType = sourcecode.swift; path = SalariesBotVM.swift; sourceTree = "<group>"; };
		2C7772C72D75CE3E00380908 /* MainPageVM.swift */ = {isa = PBXFileReference; lastKnownFileType = sourcecode.swift; path = MainPageVM.swift; sourceTree = "<group>"; };
		2C7772C92D75CE5600380908 /* VacationsBotVM.swift */ = {isa = PBXFileReference; lastKnownFileType = sourcecode.swift; path = VacationsBotVM.swift; sourceTree = "<group>"; };
		2C7772CB2D75CE6800380908 /* WorkingHoursBotVM.swift */ = {isa = PBXFileReference; lastKnownFileType = sourcecode.swift; path = WorkingHoursBotVM.swift; sourceTree = "<group>"; };
		2C7772CD2D75CE8800380908 /* ContractsBotVM.swift */ = {isa = PBXFileReference; lastKnownFileType = sourcecode.swift; path = ContractsBotVM.swift; sourceTree = "<group>"; };
		2C7772CF2D75CE9D00380908 /* WomenDisabilityBotVM.swift */ = {isa = PBXFileReference; lastKnownFileType = sourcecode.swift; path = WomenDisabilityBotVM.swift; sourceTree = "<group>"; };
		2C7772D32D75CECA00380908 /* ViolationsBotVM.swift */ = {isa = PBXFileReference; lastKnownFileType = sourcecode.swift; path = ViolationsBotVM.swift; sourceTree = "<group>"; };
		2C7772D52D75CF4D00380908 /* MainPageV.swift */ = {isa = PBXFileReference; lastKnownFileType = sourcecode.swift; path = MainPageV.swift; sourceTree = "<group>"; };
		2C7772D72D75CF7C00380908 /* SalariesBotV.swift */ = {isa = PBXFileReference; lastKnownFileType = sourcecode.swift; path = SalariesBotV.swift; sourceTree = "<group>"; };
		2C7772D92D75CF9200380908 /* VacationsBotV.swift */ = {isa = PBXFileReference; lastKnownFileType = sourcecode.swift; path = VacationsBotV.swift; sourceTree = "<group>"; };
		2C7772DB2D75CFED00380908 /* WorkingHoursBotV.swift */ = {isa = PBXFileReference; lastKnownFileType = sourcecode.swift; path = WorkingHoursBotV.swift; sourceTree = "<group>"; };
		2C7772DD2D75D00400380908 /* ContractsBotV.swift */ = {isa = PBXFileReference; lastKnownFileType = sourcecode.swift; path = ContractsBotV.swift; sourceTree = "<group>"; };
		2C7772DF2D75D01500380908 /* WomenDisabilityBotV.swift */ = {isa = PBXFileReference; lastKnownFileType = sourcecode.swift; path = WomenDisabilityBotV.swift; sourceTree = "<group>"; };
		2C7772E12D75D02400380908 /* ComplaintsBotV.swift */ = {isa = PBXFileReference; lastKnownFileType = sourcecode.swift; path = ComplaintsBotV.swift; sourceTree = "<group>"; };
		2C7772E32D75D03500380908 /* ViolationsBotV.swift */ = {isa = PBXFileReference; lastKnownFileType = sourcecode.swift; path = ViolationsBotV.swift; sourceTree = "<group>"; };
		2C7772E52D75D05900380908 /* SplashV.swift */ = {isa = PBXFileReference; lastKnownFileType = sourcecode.swift; path = SplashV.swift; sourceTree = "<group>"; };
		AF3920E52D79CAC900EAC17A /* shadentest.swift */ = {isa = PBXFileReference; lastKnownFileType = sourcecode.swift; path = shadentest.swift; sourceTree = "<group>"; };
/* End PBXFileReference section */

/* Begin PBXFrameworksBuildPhase section */
		2C77728D2D75C9C400380908 /* Frameworks */ = {
			isa = PBXFrameworksBuildPhase;
			buildActionMask = 2147483647;
			files = (
			);
			runOnlyForDeploymentPostprocessing = 0;
		};
/* End PBXFrameworksBuildPhase section */

/* Begin PBXGroup section */
		2C7772872D75C9C400380908 = {
			isa = PBXGroup;
			children = (
				2C7772922D75C9C400380908 /* shor */,
				2C7772912D75C9C400380908 /* Products */,
			);
			sourceTree = "<group>";
		};
		2C7772912D75C9C400380908 /* Products */ = {
			isa = PBXGroup;
			children = (
				2C7772902D75C9C400380908 /* shor.app */,
			);
			name = Products;
			sourceTree = "<group>";
		};
		2C7772922D75C9C400380908 /* shor */ = {
			isa = PBXGroup;
			children = (
				2C7772A12D75C9F800380908 /* View */,
				2C7772A42D75CA1800380908 /* ViewModel */,
				2C7772A22D75CA0500380908 /* Model */,
				2C7772992D75C9C700380908 /* Preview Content */,
			);
			path = shor;
			sourceTree = "<group>";
		};
		2C7772992D75C9C700380908 /* Preview Content */ = {
			isa = PBXGroup;
			children = (
				2C7772972D75C9C700380908 /* Assets.xcassets */,
				2C77729A2D75C9C700380908 /* Preview Assets.xcassets */,
			);
			path = "Preview Content";
			sourceTree = "<group>";
		};
		2C7772A12D75C9F800380908 /* View */ = {
			isa = PBXGroup;
			children = (
				2C7772932D75C9C400380908 /* shorApp.swift */,
				AF3920E52D79CAC900EAC17A /* shadentest.swift */,
				2C7772E52D75D05900380908 /* SplashV.swift */,
				2C7772D52D75CF4D00380908 /* MainPageV.swift */,
				2C7772D72D75CF7C00380908 /* SalariesBotV.swift */,
				2C7772D92D75CF9200380908 /* VacationsBotV.swift */,
				2C7772DB2D75CFED00380908 /* WorkingHoursBotV.swift */,
				2C7772DD2D75D00400380908 /* ContractsBotV.swift */,
				2C7772DF2D75D01500380908 /* WomenDisabilityBotV.swift */,
				2C7772E12D75D02400380908 /* ComplaintsBotV.swift */,
				2C7772E32D75D03500380908 /* ViolationsBotV.swift */,
			);
			path = View;
			sourceTree = "<group>";
		};
		2C7772A22D75CA0500380908 /* Model */ = {
			isa = PBXGroup;
			children = (
				2C7772BF2D75CDD900380908 /* Model.swift */,
			);
			path = Model;
			sourceTree = "<group>";
		};
		2C7772A42D75CA1800380908 /* ViewModel */ = {
			isa = PBXGroup;
			children = (
				2C7772C72D75CE3E00380908 /* MainPageVM.swift */,
				2C7772C52D75CE1F00380908 /* SalariesBotVM.swift */,
				2C7772C92D75CE5600380908 /* VacationsBotVM.swift */,
				2C7772CB2D75CE6800380908 /* WorkingHoursBotVM.swift */,
				2C7772CD2D75CE8800380908 /* ContractsBotVM.swift */,
				2C7772CF2D75CE9D00380908 /* WomenDisabilityBotVM.swift */,
				2C7772C32D75CE0700380908 /* ComplaintsBotVM.swift */,
				2C7772D32D75CECA00380908 /* ViolationsBotVM.swift */,
			);
			path = ViewModel;
			sourceTree = "<group>";
		};
/* End PBXGroup section */

/* Begin PBXNativeTarget section */
		2C77728F2D75C9C400380908 /* shor */ = {
			isa = PBXNativeTarget;
			buildConfigurationList = 2C77729E2D75C9C700380908 /* Build configuration list for PBXNativeTarget "shor" */;
			buildPhases = (
				2C77728C2D75C9C400380908 /* Sources */,
				2C77728D2D75C9C400380908 /* Frameworks */,
				2C77728E2D75C9C400380908 /* Resources */,
			);
			buildRules = (
			);
			dependencies = (
			);
			name = shor;
			productName = shor;
			productReference = 2C7772902D75C9C400380908 /* shor.app */;
			productType = "com.apple.product-type.application";
		};
/* End PBXNativeTarget section */

/* Begin PBXProject section */
		2C7772882D75C9C400380908 /* Project object */ = {
			isa = PBXProject;
			attributes = {
				BuildIndependentTargetsInParallel = 1;
				LastSwiftUpdateCheck = 1540;
				LastUpgradeCheck = 1540;
				TargetAttributes = {
					2C77728F2D75C9C400380908 = {
						CreatedOnToolsVersion = 15.4;
					};
				};
			};
			buildConfigurationList = 2C77728B2D75C9C400380908 /* Build configuration list for PBXProject "shor" */;
			compatibilityVersion = "Xcode 14.0";
			developmentRegion = en;
			hasScannedForEncodings = 0;
			knownRegions = (
				en,
				Base,
			);
			mainGroup = 2C7772872D75C9C400380908;
			productRefGroup = 2C7772912D75C9C400380908 /* Products */;
			projectDirPath = "";
			projectRoot = "";
			targets = (
				2C77728F2D75C9C400380908 /* shor */,
			);
		};
/* End PBXProject section */

/* Begin PBXResourcesBuildPhase section */
		2C77728E2D75C9C400380908 /* Resources */ = {
			isa = PBXResourcesBuildPhase;
			buildActionMask = 2147483647;
			files = (
				2C77729B2D75C9C700380908 /* Preview Assets.xcassets in Resources */,
				2C7772982D75C9C700380908 /* Assets.xcassets in Resources */,
			);
			runOnlyForDeploymentPostprocessing = 0;
		};
/* End PBXResourcesBuildPhase section */

/* Begin PBXSourcesBuildPhase section */
		2C77728C2D75C9C400380908 /* Sources */ = {
			isa = PBXSourcesBuildPhase;
			buildActionMask = 2147483647;
			files = (
				2C7772942D75C9C400380908 /* shorApp.swift in Sources */,
				2C7772C62D75CE1F00380908 /* SalariesBotVM.swift in Sources */,
				2C7772C42D75CE0700380908 /* ComplaintsBotVM.swift in Sources */,
				2C7772E02D75D01500380908 /* WomenDisabilityBotV.swift in Sources */,
				2C7772C82D75CE3E00380908 /* MainPageVM.swift in Sources */,
				2C7772D02D75CE9D00380908 /* WomenDisabilityBotVM.swift in Sources */,
				2C7772C02D75CDD900380908 /* Model.swift in Sources */,
				2C7772D62D75CF4D00380908 /* MainPageV.swift in Sources */,
				2C7772E62D75D05900380908 /* SplashV.swift in Sources */,
				2C7772CC2D75CE6800380908 /* WorkingHoursBotVM.swift in Sources */,
				2C7772DC2D75CFED00380908 /* WorkingHoursBotV.swift in Sources */,
				2C7772E22D75D02400380908 /* ComplaintsBotV.swift in Sources */,
				2C7772CE2D75CE8800380908 /* ContractsBotVM.swift in Sources */,
				2C7772E42D75D03500380908 /* ViolationsBotV.swift in Sources */,
				2C7772D42D75CECA00380908 /* ViolationsBotVM.swift in Sources */,
				2C7772DE2D75D00400380908 /* ContractsBotV.swift in Sources */,
				2C7772CA2D75CE5600380908 /* VacationsBotVM.swift in Sources */,
				2C7772D82D75CF7C00380908 /* SalariesBotV.swift in Sources */,
				AF3920E62D79CACF00EAC17A /* shadentest.swift in Sources */,
				2C7772DA2D75CF9200380908 /* VacationsBotV.swift in Sources */,
			);
			runOnlyForDeploymentPostprocessing = 0;
		};
/* End PBXSourcesBuildPhase section */

/* Begin XCBuildConfiguration section */
		2C77729C2D75C9C700380908 /* Debug */ = {
			isa = XCBuildConfiguration;
			buildSettings = {
				ALWAYS_SEARCH_USER_PATHS = NO;
				ASSETCATALOG_COMPILER_GENERATE_SWIFT_ASSET_SYMBOL_EXTENSIONS = YES;
				CLANG_ANALYZER_NONNULL = YES;
				CLANG_ANALYZER_NUMBER_OBJECT_CONVERSION = YES_AGGRESSIVE;
				CLANG_CXX_LANGUAGE_STANDARD = "gnu++20";
				CLANG_ENABLE_MODULES = YES;
				CLANG_ENABLE_OBJC_ARC = YES;
				CLANG_ENABLE_OBJC_WEAK = YES;
				CLANG_WARN_BLOCK_CAPTURE_AUTORELEASING = YES;
				CLANG_WARN_BOOL_CONVERSION = YES;
				CLANG_WARN_COMMA = YES;
				CLANG_WARN_CONSTANT_CONVERSION = YES;
				CLANG_WARN_DEPRECATED_OBJC_IMPLEMENTATIONS = YES;
				CLANG_WARN_DIRECT_OBJC_ISA_USAGE = YES_ERROR;
				CLANG_WARN_DOCUMENTATION_COMMENTS = YES;
				CLANG_WARN_EMPTY_BODY = YES;
				CLANG_WARN_ENUM_CONVERSION = YES;
				CLANG_WARN_INFINITE_RECURSION = YES;
				CLANG_WARN_INT_CONVERSION = YES;
				CLANG_WARN_NON_LITERAL_NULL_CONVERSION = YES;
				CLANG_WARN_OBJC_IMPLICIT_RETAIN_SELF = YES;
				CLANG_WARN_OBJC_LITERAL_CONVERSION = YES;
				CLANG_WARN_OBJC_ROOT_CLASS = YES_ERROR;
				CLANG_WARN_QUOTED_INCLUDE_IN_FRAMEWORK_HEADER = YES;
				CLANG_WARN_RANGE_LOOP_ANALYSIS = YES;
				CLANG_WARN_STRICT_PROTOTYPES = YES;
				CLANG_WARN_SUSPICIOUS_MOVE = YES;
				CLANG_WARN_UNGUARDED_AVAILABILITY = YES_AGGRESSIVE;
				CLANG_WARN_UNREACHABLE_CODE = YES;
				CLANG_WARN__DUPLICATE_METHOD_MATCH = YES;
				COPY_PHASE_STRIP = NO;
				DEBUG_INFORMATION_FORMAT = dwarf;
				ENABLE_STRICT_OBJC_MSGSEND = YES;
				ENABLE_TESTABILITY = YES;
				ENABLE_USER_SCRIPT_SANDBOXING = YES;
				GCC_C_LANGUAGE_STANDARD = gnu17;
				GCC_DYNAMIC_NO_PIC = NO;
				GCC_NO_COMMON_BLOCKS = YES;
				GCC_OPTIMIZATION_LEVEL = 0;
				GCC_PREPROCESSOR_DEFINITIONS = (
					"DEBUG=1",
					"$(inherited)",
				);
				GCC_WARN_64_TO_32_BIT_CONVERSION = YES;
				GCC_WARN_ABOUT_RETURN_TYPE = YES_ERROR;
				GCC_WARN_UNDECLARED_SELECTOR = YES;
				GCC_WARN_UNINITIALIZED_AUTOS = YES_AGGRESSIVE;
				GCC_WARN_UNUSED_FUNCTION = YES;
				GCC_WARN_UNUSED_VARIABLE = YES;
				IPHONEOS_DEPLOYMENT_TARGET = 17.5;
				LOCALIZATION_PREFERS_STRING_CATALOGS = YES;
				MTL_ENABLE_DEBUG_INFO = INCLUDE_SOURCE;
				MTL_FAST_MATH = YES;
				ONLY_ACTIVE_ARCH = YES;
				SDKROOT = iphoneos;
				SWIFT_ACTIVE_COMPILATION_CONDITIONS = "DEBUG $(inherited)";
				SWIFT_OPTIMIZATION_LEVEL = "-Onone";
			};
			name = Debug;
		};
		2C77729D2D75C9C700380908 /* Release */ = {
			isa = XCBuildConfiguration;
			buildSettings = {
				ALWAYS_SEARCH_USER_PATHS = NO;
				ASSETCATALOG_COMPILER_GENERATE_SWIFT_ASSET_SYMBOL_EXTENSIONS = YES;
				CLANG_ANALYZER_NONNULL = YES;
				CLANG_ANALYZER_NUMBER_OBJECT_CONVERSION = YES_AGGRESSIVE;
				CLANG_CXX_LANGUAGE_STANDARD = "gnu++20";
				CLANG_ENABLE_MODULES = YES;
				CLANG_ENABLE_OBJC_ARC = YES;
				CLANG_ENABLE_OBJC_WEAK = YES;
				CLANG_WARN_BLOCK_CAPTURE_AUTORELEASING = YES;
				CLANG_WARN_BOOL_CONVERSION = YES;
				CLANG_WARN_COMMA = YES;
				CLANG_WARN_CONSTANT_CONVERSION = YES;
				CLANG_WARN_DEPRECATED_OBJC_IMPLEMENTATIONS = YES;
				CLANG_WARN_DIRECT_OBJC_ISA_USAGE = YES_ERROR;
				CLANG_WARN_DOCUMENTATION_COMMENTS = YES;
				CLANG_WARN_EMPTY_BODY = YES;
				CLANG_WARN_ENUM_CONVERSION = YES;
				CLANG_WARN_INFINITE_RECURSION = YES;
				CLANG_WARN_INT_CONVERSION = YES;
				CLANG_WARN_NON_LITERAL_NULL_CONVERSION = YES;
				CLANG_WARN_OBJC_IMPLICIT_RETAIN_SELF = YES;
				CLANG_WARN_OBJC_LITERAL_CONVERSION = YES;
				CLANG_WARN_OBJC_ROOT_CLASS = YES_ERROR;
				CLANG_WARN_QUOTED_INCLUDE_IN_FRAMEWORK_HEADER = YES;
				CLANG_WARN_RANGE_LOOP_ANALYSIS = YES;
				CLANG_WARN_STRICT_PROTOTYPES = YES;
				CLANG_WARN_SUSPICIOUS_MOVE = YES;
				CLANG_WARN_UNGUARDED_AVAILABILITY = YES_AGGRESSIVE;
				CLANG_WARN_UNREACHABLE_CODE = YES;
				CLANG_WARN__DUPLICATE_METHOD_MATCH = YES;
				COPY_PHASE_STRIP = NO;
				DEBUG_INFORMATION_FORMAT = "dwarf-with-dsym";
				ENABLE_NS_ASSERTIONS = NO;
				ENABLE_STRICT_OBJC_MSGSEND = YES;
				ENABLE_USER_SCRIPT_SANDBOXING = YES;
				GCC_C_LANGUAGE_STANDARD = gnu17;
				GCC_NO_COMMON_BLOCKS = YES;
				GCC_WARN_64_TO_32_BIT_CONVERSION = YES;
				GCC_WARN_ABOUT_RETURN_TYPE = YES_ERROR;
				GCC_WARN_UNDECLARED_SELECTOR = YES;
				GCC_WARN_UNINITIALIZED_AUTOS = YES_AGGRESSIVE;
				GCC_WARN_UNUSED_FUNCTION = YES;
				GCC_WARN_UNUSED_VARIABLE = YES;
				IPHONEOS_DEPLOYMENT_TARGET = 17.5;
				LOCALIZATION_PREFERS_STRING_CATALOGS = YES;
				MTL_ENABLE_DEBUG_INFO = NO;
				MTL_FAST_MATH = YES;
				SDKROOT = iphoneos;
				SWIFT_COMPILATION_MODE = wholemodule;
				VALIDATE_PRODUCT = YES;
			};
			name = Release;
		};
		2C77729F2D75C9C700380908 /* Debug */ = {
			isa = XCBuildConfiguration;
			buildSettings = {
				ASSETCATALOG_COMPILER_APPICON_NAME = AppIcon;
				ASSETCATALOG_COMPILER_GLOBAL_ACCENT_COLOR_NAME = AccentColor;
				CODE_SIGN_STYLE = Automatic;
				CURRENT_PROJECT_VERSION = 1;
				DEVELOPMENT_ASSET_PATHS = "\"shor/Preview Content\"";
				DEVELOPMENT_TEAM = 8F9CB8ABM7;
				ENABLE_PREVIEWS = YES;
				GENERATE_INFOPLIST_FILE = YES;
				INFOPLIST_KEY_UIApplicationSceneManifest_Generation = YES;
				INFOPLIST_KEY_UIApplicationSupportsIndirectInputEvents = YES;
				INFOPLIST_KEY_UILaunchScreen_Generation = YES;
				INFOPLIST_KEY_UISupportedInterfaceOrientations_iPad = "UIInterfaceOrientationPortrait UIInterfaceOrientationPortraitUpsideDown UIInterfaceOrientationLandscapeLeft UIInterfaceOrientationLandscapeRight";
				INFOPLIST_KEY_UISupportedInterfaceOrientations_iPhone = "UIInterfaceOrientationPortrait UIInterfaceOrientationLandscapeLeft UIInterfaceOrientationLandscapeRight";
				LD_RUNPATH_SEARCH_PATHS = (
					"$(inherited)",
					"@executable_path/Frameworks",
				);
				MARKETING_VERSION = 1.0;
				PRODUCT_BUNDLE_IDENTIFIER = w.shor;
				PRODUCT_NAME = "$(TARGET_NAME)";
				SWIFT_EMIT_LOC_STRINGS = YES;
				SWIFT_VERSION = 5.0;
				TARGETED_DEVICE_FAMILY = "1,2";
			};
			name = Debug;
		};
		2C7772A02D75C9C700380908 /* Release */ = {
			isa = XCBuildConfiguration;
			buildSettings = {
				ASSETCATALOG_COMPILER_APPICON_NAME = AppIcon;
				ASSETCATALOG_COMPILER_GLOBAL_ACCENT_COLOR_NAME = AccentColor;
				CODE_SIGN_STYLE = Automatic;
				CURRENT_PROJECT_VERSION = 1;
				DEVELOPMENT_ASSET_PATHS = "\"shor/Preview Content\"";
				DEVELOPMENT_TEAM = 8F9CB8ABM7;
				ENABLE_PREVIEWS = YES;
				GENERATE_INFOPLIST_FILE = YES;
				INFOPLIST_KEY_UIApplicationSceneManifest_Generation = YES;
				INFOPLIST_KEY_UIApplicationSupportsIndirectInputEvents = YES;
				INFOPLIST_KEY_UILaunchScreen_Generation = YES;
				INFOPLIST_KEY_UISupportedInterfaceOrientations_iPad = "UIInterfaceOrientationPortrait UIInterfaceOrientationPortraitUpsideDown UIInterfaceOrientationLandscapeLeft UIInterfaceOrientationLandscapeRight";
				INFOPLIST_KEY_UISupportedInterfaceOrientations_iPhone = "UIInterfaceOrientationPortrait UIInterfaceOrientationLandscapeLeft UIInterfaceOrientationLandscapeRight";
				LD_RUNPATH_SEARCH_PATHS = (
					"$(inherited)",
					"@executable_path/Frameworks",
				);
				MARKETING_VERSION = 1.0;
				PRODUCT_BUNDLE_IDENTIFIER = w.shor;
				PRODUCT_NAME = "$(TARGET_NAME)";
				SWIFT_EMIT_LOC_STRINGS = YES;
				SWIFT_VERSION = 5.0;
				TARGETED_DEVICE_FAMILY = "1,2";
			};
			name = Release;
		};
/* End XCBuildConfiguration section */

/* Begin XCConfigurationList section */
		2C77728B2D75C9C400380908 /* Build configuration list for PBXProject "shor" */ = {
			isa = XCConfigurationList;
			buildConfigurations = (
				2C77729C2D75C9C700380908 /* Debug */,
				2C77729D2D75C9C700380908 /* Release */,
			);
			defaultConfigurationIsVisible = 0;
			defaultConfigurationName = Release;
		};
		2C77729E2D75C9C700380908 /* Build configuration list for PBXNativeTarget "shor" */ = {
			isa = XCConfigurationList;
			buildConfigurations = (
				2C77729F2D75C9C700380908 /* Debug */,
				2C7772A02D75C9C700380908 /* Release */,
			);
			defaultConfigurationIsVisible = 0;
			defaultConfigurationName = Release;
		};
/* End XCConfigurationList section */
	};
	rootObject = 2C7772882D75C9C400380908 /* Project object */;
}
